<Solution>
  <Folder Name="/eval/">
    <Project Path="eval/GeoNl2Sql.Eval/GeoNl2Sql.Eval.csproj" />
  </Folder>
  <Folder Name="/src/">
    <Project Path="src/GeoNl2Sql.Core/GeoNl2Sql.Core.csproj" />
    <Project Path="src/GeoNl2Sql.Data/GeoNl2Sql.Data.csproj" />
    <Project Path="src/GeoNl2Sql.Orchestration/GeoNl2Sql.Orchestration.csproj" />
    <Project Path="src/GeoNl2Sql.Web/GeoNl2Sql.Web.csproj" />
  </Folder>
  <Folder Name="/tests/">
    <Project Path="tests/GeoNl2Sql.Tests/GeoNl2Sql.Tests.csproj" />
  </Folder>
</Solution>
